
Microsoft Visual Studio Solution File, Format Version 12.00
# Visual Studio Version 17
VisualStudioVersion = 17.8.34511.84
MinimumVisualStudioVersion = 10.0.40219.1
Project("{FAE04EC0-301F-11D3-BF4B-00C04F79EFBC}") = "MoneyNote", "MoneyNote\MoneyNote.csproj", "{8657F79D-BB3D-44EA-81B1-D85CD9531925}"
EndProject
Global
	GlobalSection(SolutionConfigurationPlatforms) = preSolution
		Debug|Any CPU = Debug|Any CPU
		Release|Any CPU = Release|Any CPU
	EndGlobalSection
	GlobalSection(ProjectConfigurationPlatforms) = postSolution
		{8657F79D-BB3D-44EA-81B1-D85CD9531925}.Debug|Any CPU.ActiveCfg = Debug|Any CPU
		{8657F79D-BB3D-44EA-81B1-D85CD9531925}.Debug|Any CPU.Build.0 = Debug|Any CPU
		{8657F79D-BB3D-44EA-81B1-D85CD9531925}.Release|Any CPU.ActiveCfg = Release|Any CPU
		{8657F79D-BB3D-44EA-81B1-D85CD9531925}.Release|Any CPU.Build.0 = Release|Any CPU
	EndGlobalSection
	GlobalSection(SolutionProperties) = preSolution
		HideSolutionNode = FALSE
	EndGlobalSection
	GlobalSection(ExtensibilityGlobals) = postSolution
		SolutionGuid = {220B7A5D-698B-4EAC-A345-CB4A6BA045EE}
	EndGlobalSection
EndGlobal
